// !$*UTF8*$!
{
	archiveVersion = 1;
	classes = {
	};
	objectVersion = 46;
	objects = {

/* Begin PBXBuildFile section */
		4FA106111BA8281B006AC7CC /* main.m in Sources */ = {isa = PBXBuildFile; fileRef = 4FA106101BA8281B006AC7CC /* main.m */; };
		4FA106141BA8281B006AC7CC /* AppDelegate.m in Sources */ = {isa = PBXBuildFile; fileRef = 4FA106131BA8281B006AC7CC /* AppDelegate.m */; };
		4FA106171BA8281B006AC7CC /* GCell_Example_Objective_C_iBeacon.xcdatamodeld in Sources */ = {isa = PBXBuildFile; fileRef = 4FA106151BA8281B006AC7CC /* GCell_Example_Objective_C_iBeacon.xcdatamodeld */; };
		4FA1061A1BA8281B006AC7CC /* ViewController.m in Sources */ = {isa = PBXBuildFile; fileRef = 4FA106191BA8281B006AC7CC /* ViewController.m */; };
		4FA1061D1BA8281B006AC7CC /* Main.storyboard in Resources */ = {isa = PBXBuildFile; fileRef = 4FA1061B1BA8281B006AC7CC /* Main.storyboard */; };
		4FA1061F1BA8281B006AC7CC /* Images.xcassets in Resources */ = {isa = PBXBuildFile; fileRef = 4FA1061E1BA8281B006AC7CC /* Images.xcassets */; };
		4FA106221BA8281B006AC7CC /* LaunchScreen.xib in Resources */ = {isa = PBXBuildFile; fileRef = 4FA106201BA8281B006AC7CC /* LaunchScreen.xib */; };
		4FA1062E1BA8281B006AC7CC /* GCell_Example_Objective_C_iBeaconTests.m in Sources */ = {isa = PBXBuildFile; fileRef = 4FA1062D1BA8281B006AC7CC /* GCell_Example_Objective_C_iBeaconTests.m */; };
		4FA106381BA8282F006AC7CC /* CoreLocation.framework in Frameworks */ = {isa = PBXBuildFile; fileRef = 4FA106371BA8282F006AC7CC /* CoreLocation.framework */; };
/* End PBXBuildFile section */

/* Begin PBXContainerItemProxy section */
		4FA106281BA8281B006AC7CC /* PBXContainerItemProxy */ = {
			isa = PBXContainerItemProxy;
			containerPortal = 4FA106031BA8281B006AC7CC /* Project object */;
			proxyType = 1;
			remoteGlobalIDString = 4FA1060A1BA8281B006AC7CC;
			remoteInfo = "GCell_Example_Objective-C_iBeacon";
		};
/* End PBXContainerItemProxy section */

/* Begin PBXFileReference section */
		4FA1060B1BA8281B006AC7CC /* GCell_Example_Objective-C_iBeacon.app */ = {isa = PBXFileReference; explicitFileType = wrapper.application; includeInIndex = 0; path = "GCell_Example_Objective-C_iBeacon.app"; sourceTree = BUILT_PRODUCTS_DIR; };
		4FA1060F1BA8281B006AC7CC /* Info.plist */ = {isa = PBXFileReference; lastKnownFileType = text.plist.xml; path = Info.plist; sourceTree = "<group>"; };
		4FA106101BA8281B006AC7CC /* main.m */ = {isa = PBXFileReference; lastKnownFileType = sourcecode.c.objc; path = main.m; sourceTree = "<group>"; };
		4FA106121BA8281B006AC7CC /* AppDelegate.h */ = {isa = PBXFileReference; lastKnownFileType = sourcecode.c.h; path = AppDelegate.h; sourceTree = "<group>"; };
		4FA106131BA8281B006AC7CC /* AppDelegate.m */ = {isa = PBXFileReference; lastKnownFileType = sourcecode.c.objc; path = AppDelegate.m; sourceTree = "<group>"; };
		4FA106161BA8281B006AC7CC /* GCell_Example_Objective_C_iBeacon.xcdatamodel */ = {isa = PBXFileReference; lastKnownFileType = wrapper.xcdatamodel; path = GCell_Example_Objective_C_iBeacon.xcdatamodel; sourceTree = "<group>"; };
		4FA106181BA8281B006AC7CC /* ViewController.h */ = {isa = PBXFileReference; lastKnownFileType = sourcecode.c.h; path = ViewController.h; sourceTree = "<group>"; };
		4FA106191BA8281B006AC7CC /* ViewController.m */ = {isa = PBXFileReference; lastKnownFileType = sourcecode.c.objc; path = ViewController.m; sourceTree = "<group>"; };
		4FA1061C1BA8281B006AC7CC /* Base */ = {isa = PBXFileReference; lastKnownFileType = file.storyboard; name = Base; path = Base.lproj/Main.storyboard; sourceTree = "<group>"; };
		4FA1061E1BA8281B006AC7CC /* Images.xcassets */ = {isa = PBXFileReference; lastKnownFileType = folder.assetcatalog; path = Images.xcassets; sourceTree = "<group>"; };
		4FA106211BA8281B006AC7CC /* Base */ = {isa = PBXFileReference; lastKnownFileType = file.xib; name = Base; path = Base.lproj/LaunchScreen.xib; sourceTree = "<group>"; };
		4FA106271BA8281B006AC7CC /* GCell_Example_Objective-C_iBeaconTests.xctest */ = {isa = PBXFileReference; explicitFileType = wrapper.cfbundle; includeInIndex = 0; path = "GCell_Example_Objective-C_iBeaconTests.xctest"; sourceTree = BUILT_PRODUCTS_DIR; };
		4FA1062C1BA8281B006AC7CC /* Info.plist */ = {isa = PBXFileReference; lastKnownFileType = text.plist.xml; path = Info.plist; sourceTree = "<group>"; };
		4FA1062D1BA8281B006AC7CC /* GCell_Example_Objective_C_iBeaconTests.m */ = {isa = PBXFileReference; lastKnownFileType = sourcecode.c.objc; path = GCell_Example_Objective_C_iBeaconTests.m; sourceTree = "<group>"; };
		4FA106371BA8282F006AC7CC /* CoreLocation.framework */ = {isa = PBXFileReference; lastKnownFileType = wrapper.framework; name = CoreLocation.framework; path = System/Library/Frameworks/CoreLocation.framework; sourceTree = SDKROOT; };
/* End PBXFileReference section */

/* Begin PBXFrameworksBuildPhase section */
		4FA106081BA8281B006AC7CC /* Frameworks */ = {
			isa = PBXFrameworksBuildPhase;
			buildActionMask = 2147483647;
			files = (
				4FA106381BA8282F006AC7CC /* CoreLocation.framework in Frameworks */,
			);
			runOnlyForDeploymentPostprocessing = 0;
		};
		4FA106241BA8281B006AC7CC /* Frameworks */ = {
			isa = PBXFrameworksBuildPhase;
			buildActionMask = 2147483647;
			files = (
			);
			runOnlyForDeploymentPostprocessing = 0;
		};
/* End PBXFrameworksBuildPhase section */

/* Begin PBXGroup section */
		4FA106021BA8281B006AC7CC = {
			isa = PBXGroup;
			children = (
				4FA106371BA8282F006AC7CC /* CoreLocation.framework */,
				4FA1060D1BA8281B006AC7CC /* GCell_Example_Objective-C_iBeacon */,
				4FA1062A1BA8281B006AC7CC /* GCell_Example_Objective-C_iBeaconTests */,
				4FA1060C1BA8281B006AC7CC /* Products */,
			);
			sourceTree = "<group>";
		};
		4FA1060C1BA8281B006AC7CC /* Products */ = {
			isa = PBXGroup;
			children = (
				4FA1060B1BA8281B006AC7CC /* GCell_Example_Objective-C_iBeacon.app */,
				4FA106271BA8281B006AC7CC /* GCell_Example_Objective-C_iBeaconTests.xctest */,
			);
			name = Products;
			sourceTree = "<group>";
		};
		4FA1060D1BA8281B006AC7CC /* GCell_Example_Objective-C_iBeacon */ = {
			isa = PBXGroup;
			children = (
				4FA106121BA8281B006AC7CC /* AppDelegate.h */,
				4FA106131BA8281B006AC7CC /* AppDelegate.m */,
				4FA106181BA8281B006AC7CC /* ViewController.h */,
				4FA106191BA8281B006AC7CC /* ViewController.m */,
				4FA1061B1BA8281B006AC7CC /* Main.storyboard */,
				4FA1061E1BA8281B006AC7CC /* Images.xcassets */,
				4FA106201BA8281B006AC7CC /* LaunchScreen.xib */,
				4FA106151BA8281B006AC7CC /* GCell_Example_Objective_C_iBeacon.xcdatamodeld */,
				4FA1060E1BA8281B006AC7CC /* Supporting Files */,
			);
			path = "GCell_Example_Objective-C_iBeacon";
			sourceTree = "<group>";
		};
		4FA1060E1BA8281B006AC7CC /* Supporting Files */ = {
			isa = PBXGroup;
			children = (
				4FA1060F1BA8281B006AC7CC /* Info.plist */,
				4FA106101BA8281B006AC7CC /* main.m */,
			);
			name = "Supporting Files";
			sourceTree = "<group>";
		};
		4FA1062A1BA8281B006AC7CC /* GCell_Example_Objective-C_iBeaconTests */ = {
			isa = PBXGroup;
			children = (
				4FA1062D1BA8281B006AC7CC /* GCell_Example_Objective_C_iBeaconTests.m */,
				4FA1062B1BA8281B006AC7CC /* Supporting Files */,
			);
			path = "GCell_Example_Objective-C_iBeaconTests";
			sourceTree = "<group>";
		};
		4FA1062B1BA8281B006AC7CC /* Supporting Files */ = {
			isa = PBXGroup;
			children = (
				4FA1062C1BA8281B006AC7CC /* Info.plist */,
			);
			name = "Supporting Files";
			sourceTree = "<group>";
		};
/* End PBXGroup section */

/* Begin PBXNativeTarget section */
		4FA1060A1BA8281B006AC7CC /* GCell_Example_Objective-C_iBeacon */ = {
			isa = PBXNativeTarget;
			buildConfigurationList = 4FA106311BA8281B006AC7CC /* Build configuration list for PBXNativeTarget "GCell_Example_Objective-C_iBeacon" */;
			buildPhases = (
				4FA106071BA8281B006AC7CC /* Sources */,
				4FA106081BA8281B006AC7CC /* Frameworks */,
				4FA106091BA8281B006AC7CC /* Resources */,
			);
			buildRules = (
			);
			dependencies = (
			);
			name = "GCell_Example_Objective-C_iBeacon";
			productName = "GCell_Example_Objective-C_iBeacon";
			productReference = 4FA1060B1BA8281B006AC7CC /* GCell_Example_Objective-C_iBeacon.app */;
			productType = "com.apple.product-type.application";
		};
		4FA106261BA8281B006AC7CC /* GCell_Example_Objective-C_iBeaconTests */ = {
			isa = PBXNativeTarget;
			buildConfigurationList = 4FA106341BA8281B006AC7CC /* Build configuration list for PBXNativeTarget "GCell_Example_Objective-C_iBeaconTests" */;
			buildPhases = (
				4FA106231BA8281B006AC7CC /* Sources */,
				4FA106241BA8281B006AC7CC /* Frameworks */,
				4FA106251BA8281B006AC7CC /* Resources */,
			);
			buildRules = (
			);
			dependencies = (
				4FA106291BA8281B006AC7CC /* PBXTargetDependency */,
			);
			name = "GCell_Example_Objective-C_iBeaconTests";
			productName = "GCell_Example_Objective-C_iBeaconTests";
			productReference = 4FA106271BA8281B006AC7CC /* GCell_Example_Objective-C_iBeaconTests.xctest */;
			productType = "com.apple.product-type.bundle.unit-test";
		};
/* End PBXNativeTarget section */

/* Begin PBXProject section */
		4FA106031BA8281B006AC7CC /* Project object */ = {
			isa = PBXProject;
			attributes = {
				LastUpgradeCheck = 0640;
				ORGANIZATIONNAME = "G24 Power Ltd David Pugh";
				TargetAttributes = {
					4FA1060A1BA8281B006AC7CC = {
						CreatedOnToolsVersion = 6.4;
						DevelopmentTeam = Y86E5U9T78;
						SystemCapabilities = {
							com.apple.BackgroundModes = {
								enabled = 1;
							};
						};
					};
					4FA106261BA8281B006AC7CC = {
						CreatedOnToolsVersion = 6.4;
						TestTargetID = 4FA1060A1BA8281B006AC7CC;
					};
				};
			};
			buildConfigurationList = 4FA106061BA8281B006AC7CC /* Build configuration list for PBXProject "GCell_Example_Objective-C_iBeacon" */;
			compatibilityVersion = "Xcode 3.2";
			developmentRegion = English;
			hasScannedForEncodings = 0;
			knownRegions = (
				en,
				Base,
			);
			mainGroup = 4FA106021BA8281B006AC7CC;
			productRefGroup = 4FA1060C1BA8281B006AC7CC /* Products */;
			projectDirPath = "";
			projectRoot = "";
			targets = (
				4FA1060A1BA8281B006AC7CC /* GCell_Example_Objective-C_iBeacon */,
				4FA106261BA8281B006AC7CC /* GCell_Example_Objective-C_iBeaconTests */,
			);
		};
/* End PBXProject section */

/* Begin PBXResourcesBuildPhase section */
		4FA106091BA8281B006AC7CC /* Resources */ = {
			isa = PBXResourcesBuildPhase;
			buildActionMask = 2147483647;
			files = (
				4FA1061D1BA8281B006AC7CC /* Main.storyboard in Resources */,
				4FA106221BA8281B006AC7CC /* LaunchScreen.xib in Resources */,
				4FA1061F1BA8281B006AC7CC /* Images.xcassets in Resources */,
			);
			runOnlyForDeploymentPostprocessing = 0;
		};
		4FA106251BA8281B006AC7CC /* Resources */ = {
			isa = PBXResourcesBuildPhase;
			buildActionMask = 2147483647;
			files = (
			);
			runOnlyForDeploymentPostprocessing = 0;
		};
/* End PBXResourcesBuildPhase section */

/* Begin PBXSourcesBuildPhase section */
		4FA106071BA8281B006AC7CC /* Sources */ = {
			isa = PBXSourcesBuildPhase;
			buildActionMask = 2147483647;
			files = (
				4FA106141BA8281B006AC7CC /* AppDelegate.m in Sources */,
				4FA106171BA8281B006AC7CC /* GCell_Example_Objective_C_iBeacon.xcdatamodeld in Sources */,
				4FA1061A1BA8281B006AC7CC /* ViewController.m in Sources */,
				4FA106111BA8281B006AC7CC /* main.m in Sources */,
			);
			runOnlyForDeploymentPostprocessing = 0;
		};
		4FA106231BA8281B006AC7CC /* Sources */ = {
			isa = PBXSourcesBuildPhase;
			buildActionMask = 2147483647;
			files = (
				4FA1062E1BA8281B006AC7CC /* GCell_Example_Objective_C_iBeaconTests.m in Sources */,
			);
			runOnlyForDeploymentPostprocessing = 0;
		};
/* End PBXSourcesBuildPhase section */

/* Begin PBXTargetDependency section */
		4FA106291BA8281B006AC7CC /* PBXTargetDependency */ = {
			isa = PBXTargetDependency;
			target = 4FA1060A1BA8281B006AC7CC /* GCell_Example_Objective-C_iBeacon */;
			targetProxy = 4FA106281BA8281B006AC7CC /* PBXContainerItemProxy */;
		};
/* End PBXTargetDependency section */

/* Begin PBXVariantGroup section */
		4FA1061B1BA8281B006AC7CC /* Main.storyboard */ = {
			isa = PBXVariantGroup;
			children = (
				4FA1061C1BA8281B006AC7CC /* Base */,
			);
			name = Main.storyboard;
			sourceTree = "<group>";
		};
		4FA106201BA8281B006AC7CC /* LaunchScreen.xib */ = {
			isa = PBXVariantGroup;
			children = (
				4FA106211BA8281B006AC7CC /* Base */,
			);
			name = LaunchScreen.xib;
			sourceTree = "<group>";
		};
/* End PBXVariantGroup section */

/* Begin XCBuildConfiguration section */
		4FA1062F1BA8281B006AC7CC /* Debug */ = {
			isa = XCBuildConfiguration;
			buildSettings = {
				ALWAYS_SEARCH_USER_PATHS = NO;
				CLANG_CXX_LANGUAGE_STANDARD = "gnu++0x";
				CLANG_CXX_LIBRARY = "libc++";
				CLANG_ENABLE_MODULES = YES;
				CLANG_ENABLE_OBJC_ARC = YES;
				CLANG_WARN_BOOL_CONVERSION = YES;
				CLANG_WARN_CONSTANT_CONVERSION = YES;
				CLANG_WARN_DIRECT_OBJC_ISA_USAGE = YES_ERROR;
				CLANG_WARN_EMPTY_BODY = YES;
				CLANG_WARN_ENUM_CONVERSION = YES;
				CLANG_WARN_INT_CONVERSION = YES;
				CLANG_WARN_OBJC_ROOT_CLASS = YES_ERROR;
				CLANG_WARN_UNREACHABLE_CODE = YES;
				CLANG_WARN__DUPLICATE_METHOD_MATCH = YES;
				"CODE_SIGN_IDENTITY[sdk=iphoneos*]" = "iPhone Developer";
				COPY_PHASE_STRIP = NO;
				DEBUG_INFORMATION_FORMAT = "dwarf-with-dsym";
				ENABLE_STRICT_OBJC_MSGSEND = YES;
				GCC_C_LANGUAGE_STANDARD = gnu99;
				GCC_DYNAMIC_NO_PIC = NO;
				GCC_NO_COMMON_BLOCKS = YES;
				GCC_OPTIMIZATION_LEVEL = 0;
				GCC_PREPROCESSOR_DEFINITIONS = (
					"DEBUG=1",
					"$(inherited)",
				);
				GCC_SYMBOLS_PRIVATE_EXTERN = NO;
				GCC_WARN_64_TO_32_BIT_CONVERSION = YES;
				GCC_WARN_ABOUT_RETURN_TYPE = YES_ERROR;
				GCC_WARN_UNDECLARED_SELECTOR = YES;
				GCC_WARN_UNINITIALIZED_AUTOS = YES_AGGRESSIVE;
				GCC_WARN_UNUSED_FUNCTION = YES;
				GCC_WARN_UNUSED_VARIABLE = YES;
				IPHONEOS_DEPLOYMENT_TARGET = 8.4;
				MTL_ENABLE_DEBUG_INFO = YES;
				ONLY_ACTIVE_ARCH = YES;
				SDKROOT = iphoneos;
			};
			name = Debug;
		};
		4FA106301BA8281B006AC7CC /* Release */ = {
			isa = XCBuildConfiguration;
			buildSettings = {
				ALWAYS_SEARCH_USER_PATHS = NO;
				CLANG_CXX_LANGUAGE_STANDARD = "gnu++0x";
				CLANG_CXX_LIBRARY = "libc++";
				CLANG_ENABLE_MODULES = YES;
				CLANG_ENABLE_OBJC_ARC = YES;
				CLANG_WARN_BOOL_CONVERSION = YES;
				CLANG_WARN_CONSTANT_CONVERSION = YES;
				CLANG_WARN_DIRECT_OBJC_ISA_USAGE = YES_ERROR;
				CLANG_WARN_EMPTY_BODY = YES;
				CLANG_WARN_ENUM_CONVERSION = YES;
				CLANG_WARN_INT_CONVERSION = YES;
				CLANG_WARN_OBJC_ROOT_CLASS = YES_ERROR;
				CLANG_WARN_UNREACHABLE_CODE = YES;
				CLANG_WARN__DUPLICATE_METHOD_MATCH = YES;
				"CODE_SIGN_IDENTITY[sdk=iphoneos*]" = "iPhone Developer";
				COPY_PHASE_STRIP = NO;
				DEBUG_INFORMATION_FORMAT = "dwarf-with-dsym";
				ENABLE_NS_ASSERTIONS = NO;
				ENABLE_STRICT_OBJC_MSGSEND = YES;
				GCC_C_LANGUAGE_STANDARD = gnu99;
				GCC_NO_COMMON_BLOCKS = YES;
				GCC_WARN_64_TO_32_BIT_CONVERSION = YES;
				GCC_WARN_ABOUT_RETURN_TYPE = YES_ERROR;
				GCC_WARN_UNDECLARED_SELECTOR = YES;
				GCC_WARN_UNINITIALIZED_AUTOS = YES_AGGRESSIVE;
				GCC_WARN_UNUSED_FUNCTION = YES;
				GCC_WARN_UNUSED_VARIABLE = YES;
				IPHONEOS_DEPLOYMENT_TARGET = 8.4;
				MTL_ENABLE_DEBUG_INFO = NO;
				SDKROOT = iphoneos;
				VALIDATE_PRODUCT = YES;
			};
			name = Release;
		};
		4FA106321BA8281B006AC7CC /* Debug */ = {
			isa = XCBuildConfiguration;
			buildSettings = {
				ASSETCATALOG_COMPILER_APPICON_NAME = AppIcon;
				CODE_SIGN_IDENTITY = "iPhone Developer";
				INFOPLIST_FILE = "GCell_Example_Objective-C_iBeacon/Info.plist";
				IPHONEOS_DEPLOYMENT_TARGET = 7.0;
				LD_RUNPATH_SEARCH_PATHS = "$(inherited) @executable_path/Frameworks";
				PRODUCT_NAME = "$(TARGET_NAME)";
			};
			name = Debug;
		};
		4FA106331BA8281B006AC7CC /* Release */ = {
			isa = XCBuildConfiguration;
			buildSettings = {
				ASSETCATALOG_COMPILER_APPICON_NAME = AppIcon;
				CODE_SIGN_IDENTITY = "iPhone Developer";
				INFOPLIST_FILE = "GCell_Example_Objective-C_iBeacon/Info.plist";
				IPHONEOS_DEPLOYMENT_TARGET = 7.0;
				LD_RUNPATH_SEARCH_PATHS = "$(inherited) @executable_path/Frameworks";
				PRODUCT_NAME = "$(TARGET_NAME)";
			};
			name = Release;
		};
		4FA106351BA8281B006AC7CC /* Debug */ = {
			isa = XCBuildConfiguration;
			buildSettings = {
				BUNDLE_LOADER = "$(TEST_HOST)";
				FRAMEWORK_SEARCH_PATHS = (
					"$(SDKROOT)/Developer/Library/Frameworks",
					"$(inherited)",
				);
				GCC_PREPROCESSOR_DEFINITIONS = (
					"DEBUG=1",
					"$(inherited)",
				);
				INFOPLIST_FILE = "GCell_Example_Objective-C_iBeaconTests/Info.plist";
				LD_RUNPATH_SEARCH_PATHS = "$(inherited) @executable_path/Frameworks @loader_path/Frameworks";
				PRODUCT_NAME = "$(TARGET_NAME)";
				TEST_HOST = "$(BUILT_PRODUCTS_DIR)/GCell_Example_Objective-C_iBeacon.app/GCell_Example_Objective-C_iBeacon";
			};
			name = Debug;
		};
		4FA106361BA8281B006AC7CC /* Release */ = {
			isa = XCBuildConfiguration;
			buildSettings = {
				BUNDLE_LOADER = "$(TEST_HOST)";
				FRAMEWORK_SEARCH_PATHS = (
					"$(SDKROOT)/Developer/Library/Frameworks",
					"$(inherited)",
				);
				INFOPLIST_FILE = "GCell_Example_Objective-C_iBeaconTests/Info.plist";
				LD_RUNPATH_SEARCH_PATHS = "$(inherited) @executable_path/Frameworks @loader_path/Frameworks";
				PRODUCT_NAME = "$(TARGET_NAME)";
				TEST_HOST = "$(BUILT_PRODUCTS_DIR)/GCell_Example_Objective-C_iBeacon.app/GCell_Example_Objective-C_iBeacon";
			};
			name = Release;
		};
/* End XCBuildConfiguration section */

/* Begin XCConfigurationList section */
		4FA106061BA8281B006AC7CC /* Build configuration list for PBXProject "GCell_Example_Objective-C_iBeacon" */ = {
			isa = XCConfigurationList;
			buildConfigurations = (
				4FA1062F1BA8281B006AC7CC /* Debug */,
				4FA106301BA8281B006AC7CC /* Release */,
			);
			defaultConfigurationIsVisible = 0;
			defaultConfigurationName = Release;
		};
		4FA106311BA8281B006AC7CC /* Build configuration list for PBXNativeTarget "GCell_Example_Objective-C_iBeacon" */ = {
			isa = XCConfigurationList;
			buildConfigurations = (
				4FA106321BA8281B006AC7CC /* Debug */,
				4FA106331BA8281B006AC7CC /* Release */,
			);
			defaultConfigurationIsVisible = 0;
		};
		4FA106341BA8281B006AC7CC /* Build configuration list for PBXNativeTarget "GCell_Example_Objective-C_iBeaconTests" */ = {
			isa = XCConfigurationList;
			buildConfigurations = (
				4FA106351BA8281B006AC7CC /* Debug */,
				4FA106361BA8281B006AC7CC /* Release */,
			);
			defaultConfigurationIsVisible = 0;
		};
/* End XCConfigurationList section */

/* Begin XCVersionGroup section */
		4FA106151BA8281B006AC7CC /* GCell_Example_Objective_C_iBeacon.xcdatamodeld */ = {
			isa = XCVersionGroup;
			children = (
				4FA106161BA8281B006AC7CC /* GCell_Example_Objective_C_iBeacon.xcdatamodel */,
			);
			currentVersion = 4FA106161BA8281B006AC7CC /* GCell_Example_Objective_C_iBeacon.xcdatamodel */;
			path = GCell_Example_Objective_C_iBeacon.xcdatamodeld;
			sourceTree = "<group>";
			versionGroupType = wrapper.xcdatamodel;
		};
/* End XCVersionGroup section */
	};
	rootObject = 4FA106031BA8281B006AC7CC /* Project object */;
}
